
Microsoft Visual Studio Solution File, Format Version 12.00
# Visual Studio Version 16
VisualStudioVersion = 16.0.31424.327
MinimumVisualStudioVersion = 10.0.40219.1
Project("{FAE04EC0-301F-11D3-BF4B-00C04F79EFBC}") = "test_git_stuff", "test_git_stuff\test_git_stuff.csproj", "{D464CFEE-BBD6-4A33-A215-643E770434EF}"
EndProject
Global
	GlobalSection(SolutionConfigurationPlatforms) = preSolution
		Debug|Any CPU = Debug|Any CPU
		Release|Any CPU = Release|Any CPU
	EndGlobalSection
	GlobalSection(ProjectConfigurationPlatforms) = postSolution
		{D464CFEE-BBD6-4A33-A215-643E770434EF}.Debug|Any CPU.ActiveCfg = Debug|Any CPU
		{D464CFEE-BBD6-4A33-A215-643E770434EF}.Debug|Any CPU.Build.0 = Debug|Any CPU
		{D464CFEE-BBD6-4A33-A215-643E770434EF}.Release|Any CPU.ActiveCfg = Release|Any CPU
		{D464CFEE-BBD6-4A33-A215-643E770434EF}.Release|Any CPU.Build.0 = Release|Any CPU
	EndGlobalSection
	GlobalSection(SolutionProperties) = preSolution
		HideSolutionNode = FALSE
	EndGlobalSection
	GlobalSection(ExtensibilityGlobals) = postSolution
		SolutionGuid = {A444E456-D6CD-4C9E-A914-F068255D4F54}
	EndGlobalSection
EndGlobal
